
Microsoft Visual Studio Solution File, Format Version 12.00
# Visual Studio 2012
Project("{FAE04EC0-301F-11D3-BF4B-00C04F79EFBC}") = "FPlus", "FaceShare\FPlus.csproj", "{4A1A55C6-43B5-457E-90FA-66574B36D189}"
EndProject
Project("{FAE04EC0-301F-11D3-BF4B-00C04F79EFBC}") = "UpdateFPlus", "UpdateFPlus\UpdateFPlus.csproj", "{432B420D-9502-4190-89A7-6C7E7E0D08E1}"
EndProject
Project("{2150E333-8FDC-42A3-9474-1A3956D46DE8}") = "Solution Items", "Solution Items", "{539E2F65-B858-47F8-8A90-721BC0A81CE4}"
	ProjectSection(SolutionItems) = preProject
		HTMLPage1.html = HTMLPage1.html
	EndProjectSection
EndProject
Global
	GlobalSection(SolutionConfigurationPlatforms) = preSolution
		Debug|Any CPU = Debug|Any CPU
		Release|Any CPU = Release|Any CPU
	EndGlobalSection
	GlobalSection(ProjectConfigurationPlatforms) = postSolution
		{4A1A55C6-43B5-457E-90FA-66574B36D189}.Debug|Any CPU.ActiveCfg = Debug|Any CPU
		{4A1A55C6-43B5-457E-90FA-66574B36D189}.Debug|Any CPU.Build.0 = Debug|Any CPU
		{4A1A55C6-43B5-457E-90FA-66574B36D189}.Release|Any CPU.ActiveCfg = Release|Any CPU
		{4A1A55C6-43B5-457E-90FA-66574B36D189}.Release|Any CPU.Build.0 = Release|Any CPU
		{432B420D-9502-4190-89A7-6C7E7E0D08E1}.Debug|Any CPU.ActiveCfg = Debug|Any CPU
		{432B420D-9502-4190-89A7-6C7E7E0D08E1}.Debug|Any CPU.Build.0 = Debug|Any CPU
		{432B420D-9502-4190-89A7-6C7E7E0D08E1}.Release|Any CPU.ActiveCfg = Release|Any CPU
		{432B420D-9502-4190-89A7-6C7E7E0D08E1}.Release|Any CPU.Build.0 = Release|Any CPU
	EndGlobalSection
	GlobalSection(SolutionProperties) = preSolution
		HideSolutionNode = FALSE
	EndGlobalSection
EndGlobal
